// !$*UTF8*$!
{
	archiveVersion = 1;
	classes = {
	};
	objectVersion = 55;
	objects = {

/* Begin PBXBuildFile section */
		2124070628CAF36C00A85A14 /* DocumentPicker.swift in Sources */ = {isa = PBXBuildFile; fileRef = 2124070528CAF36C00A85A14 /* DocumentPicker.swift */; };
		2124070A28CB030A00A85A14 /* TrackControlViewModel.swift in Sources */ = {isa = PBXBuildFile; fileRef = 2124070928CB030900A85A14 /* TrackControlViewModel.swift */; };
		2124071128CBC99D00A85A14 /* PanSelector.swift in Sources */ = {isa = PBXBuildFile; fileRef = 2124071028CBC99D00A85A14 /* PanSelector.swift */; };
		21469CAB28CA22D100FA72DC /* DashboardViewModel.swift in Sources */ = {isa = PBXBuildFile; fileRef = 21469CAA28CA22D100FA72DC /* DashboardViewModel.swift */; };
		219215CF29AA76B900EB7937 /* Multitrack.swift in Sources */ = {isa = PBXBuildFile; fileRef = 2124071528CBE74000A85A14 /* Multitrack.swift */; };
		219215D029AA76BC00EB7937 /* Track.swift in Sources */ = {isa = PBXBuildFile; fileRef = 2124070E28CB0BF500A85A14 /* Track.swift */; };
		219215D129AA76DB00EB7937 /* Sequences.xcdatamodeld in Sources */ = {isa = PBXBuildFile; fileRef = 219215C929AA697B00EB7937 /* Sequences.xcdatamodeld */; };
		219215D529AA813D00EB7937 /* MultitrackLocalRepository.swift in Sources */ = {isa = PBXBuildFile; fileRef = 219215D429AA813D00EB7937 /* MultitrackLocalRepository.swift */; };
		219215D929AD7AA800EB7937 /* CoreDataMultitrackManager.swift in Sources */ = {isa = PBXBuildFile; fileRef = 219215D829AD7AA800EB7937 /* CoreDataMultitrackManager.swift */; };
		219215DB29AD7BEF00EB7937 /* MultitrackRepository.swift in Sources */ = {isa = PBXBuildFile; fileRef = 219215DA29AD7BEF00EB7937 /* MultitrackRepository.swift */; };
		21F0D54928CA060700814C1C /* Tests_iOS.swift in Sources */ = {isa = PBXBuildFile; fileRef = 21F0D54828CA060700814C1C /* Tests_iOS.swift */; };
		21F0D54B28CA060700814C1C /* Tests_iOSLaunchTests.swift in Sources */ = {isa = PBXBuildFile; fileRef = 21F0D54A28CA060700814C1C /* Tests_iOSLaunchTests.swift */; };
		21F0D55528CA060700814C1C /* Tests_macOS.swift in Sources */ = {isa = PBXBuildFile; fileRef = 21F0D55428CA060700814C1C /* Tests_macOS.swift */; };
		21F0D55728CA060700814C1C /* Tests_macOSLaunchTests.swift in Sources */ = {isa = PBXBuildFile; fileRef = 21F0D55628CA060700814C1C /* Tests_macOSLaunchTests.swift */; };
		21F0D55828CA060700814C1C /* Play_SecuenceApp.swift in Sources */ = {isa = PBXBuildFile; fileRef = 21F0D53028CA060300814C1C /* Play_SecuenceApp.swift */; };
		21F0D55A28CA060700814C1C /* DashboardScreen.swift in Sources */ = {isa = PBXBuildFile; fileRef = 21F0D53128CA060300814C1C /* DashboardScreen.swift */; };
		21F0D55C28CA060700814C1C /* Assets.xcassets in Resources */ = {isa = PBXBuildFile; fileRef = 21F0D53228CA060700814C1C /* Assets.xcassets */; };
		21F0D57028CA084E00814C1C /* Header.swift in Sources */ = {isa = PBXBuildFile; fileRef = 21F0D56F28CA084E00814C1C /* Header.swift */; };
		21F0D57328CA105800814C1C /* TrackControl.swift in Sources */ = {isa = PBXBuildFile; fileRef = 21F0D57228CA105800814C1C /* TrackControl.swift */; };
		21F0D57728CA1C0500814C1C /* SequenceControlsScreen.swift in Sources */ = {isa = PBXBuildFile; fileRef = 21F0D57628CA1C0500814C1C /* SequenceControlsScreen.swift */; };
		4FB7E1B72E57D620009FE171 /* MultitrackPicker.swift in Sources */ = {isa = PBXBuildFile; fileRef = 4FB7E1B62E57D620009FE171 /* MultitrackPicker.swift */; };
/* End PBXBuildFile section */

/* Begin PBXContainerItemProxy section */
		21F0D54528CA060700814C1C /* PBXContainerItemProxy */ = {
			isa = PBXContainerItemProxy;
			containerPortal = 21F0D52B28CA060200814C1C /* Project object */;
			proxyType = 1;
			remoteGlobalIDString = 21F0D53628CA060700814C1C;
			remoteInfo = "Play Secuence (iOS)";
		};
/* End PBXContainerItemProxy section */

/* Begin PBXFileReference section */
		2124070528CAF36C00A85A14 /* DocumentPicker.swift */ = {isa = PBXFileReference; lastKnownFileType = sourcecode.swift; path = DocumentPicker.swift; sourceTree = "<group>"; };
		2124070728CAF6CD00A85A14 /* Play-Secuence--iOS--Info.plist */ = {isa = PBXFileReference; lastKnownFileType = text.plist; path = "Play-Secuence--iOS--Info.plist"; sourceTree = "<group>"; };
		2124070928CB030900A85A14 /* TrackControlViewModel.swift */ = {isa = PBXFileReference; lastKnownFileType = sourcecode.swift; path = TrackControlViewModel.swift; sourceTree = "<group>"; };
		2124070E28CB0BF500A85A14 /* Track.swift */ = {isa = PBXFileReference; lastKnownFileType = sourcecode.swift; path = Track.swift; sourceTree = "<group>"; };
		2124071028CBC99D00A85A14 /* PanSelector.swift */ = {isa = PBXFileReference; lastKnownFileType = sourcecode.swift; path = PanSelector.swift; sourceTree = "<group>"; };
		2124071528CBE74000A85A14 /* Multitrack.swift */ = {isa = PBXFileReference; lastKnownFileType = sourcecode.swift; path = Multitrack.swift; sourceTree = "<group>"; };
		21469CAA28CA22D100FA72DC /* DashboardViewModel.swift */ = {isa = PBXFileReference; lastKnownFileType = sourcecode.swift; path = DashboardViewModel.swift; sourceTree = "<group>"; };
		219215CA29AA697B00EB7937 /* Sequences.xcdatamodel */ = {isa = PBXFileReference; lastKnownFileType = wrapper.xcdatamodel; path = Sequences.xcdatamodel; sourceTree = "<group>"; };
		219215D429AA813D00EB7937 /* MultitrackLocalRepository.swift */ = {isa = PBXFileReference; lastKnownFileType = sourcecode.swift; path = MultitrackLocalRepository.swift; sourceTree = "<group>"; };
		219215D829AD7AA800EB7937 /* CoreDataMultitrackManager.swift */ = {isa = PBXFileReference; lastKnownFileType = sourcecode.swift; path = CoreDataMultitrackManager.swift; sourceTree = "<group>"; };
		219215DA29AD7BEF00EB7937 /* MultitrackRepository.swift */ = {isa = PBXFileReference; lastKnownFileType = sourcecode.swift; path = MultitrackRepository.swift; sourceTree = "<group>"; };
		21F0D53028CA060300814C1C /* Play_SecuenceApp.swift */ = {isa = PBXFileReference; lastKnownFileType = sourcecode.swift; path = Play_SecuenceApp.swift; sourceTree = "<group>"; };
		21F0D53128CA060300814C1C /* DashboardScreen.swift */ = {isa = PBXFileReference; lastKnownFileType = sourcecode.swift; path = DashboardScreen.swift; sourceTree = "<group>"; };
		21F0D53228CA060700814C1C /* Assets.xcassets */ = {isa = PBXFileReference; lastKnownFileType = folder.assetcatalog; path = Assets.xcassets; sourceTree = "<group>"; };
		21F0D53728CA060700814C1C /* Play Secuence.app */ = {isa = PBXFileReference; explicitFileType = wrapper.application; includeInIndex = 0; path = "Play Secuence.app"; sourceTree = BUILT_PRODUCTS_DIR; };
		21F0D53F28CA060700814C1C /* macOS.entitlements */ = {isa = PBXFileReference; lastKnownFileType = text.plist.entitlements; path = macOS.entitlements; sourceTree = "<group>"; };
		21F0D54428CA060700814C1C /* Tests iOS.xctest */ = {isa = PBXFileReference; explicitFileType = wrapper.cfbundle; includeInIndex = 0; path = "Tests iOS.xctest"; sourceTree = BUILT_PRODUCTS_DIR; };
		21F0D54828CA060700814C1C /* Tests_iOS.swift */ = {isa = PBXFileReference; lastKnownFileType = sourcecode.swift; path = Tests_iOS.swift; sourceTree = "<group>"; };
		21F0D54A28CA060700814C1C /* Tests_iOSLaunchTests.swift */ = {isa = PBXFileReference; lastKnownFileType = sourcecode.swift; path = Tests_iOSLaunchTests.swift; sourceTree = "<group>"; };
		21F0D55028CA060700814C1C /* Tests macOS.xctest */ = {isa = PBXFileReference; explicitFileType = wrapper.cfbundle; includeInIndex = 0; path = "Tests macOS.xctest"; sourceTree = BUILT_PRODUCTS_DIR; };
		21F0D55428CA060700814C1C /* Tests_macOS.swift */ = {isa = PBXFileReference; lastKnownFileType = sourcecode.swift; path = Tests_macOS.swift; sourceTree = "<group>"; };
		21F0D55628CA060700814C1C /* Tests_macOSLaunchTests.swift */ = {isa = PBXFileReference; lastKnownFileType = sourcecode.swift; path = Tests_macOSLaunchTests.swift; sourceTree = "<group>"; };
		21F0D56F28CA084E00814C1C /* Header.swift */ = {isa = PBXFileReference; lastKnownFileType = sourcecode.swift; path = Header.swift; sourceTree = "<group>"; };
		21F0D57228CA105800814C1C /* TrackControl.swift */ = {isa = PBXFileReference; lastKnownFileType = sourcecode.swift; path = TrackControl.swift; sourceTree = "<group>"; };
		21F0D57628CA1C0500814C1C /* SequenceControlsScreen.swift */ = {isa = PBXFileReference; lastKnownFileType = sourcecode.swift; path = SequenceControlsScreen.swift; sourceTree = "<group>"; };
		4FB7E1B62E57D620009FE171 /* MultitrackPicker.swift */ = {isa = PBXFileReference; lastKnownFileType = sourcecode.swift; path = MultitrackPicker.swift; sourceTree = "<group>"; };
/* End PBXFileReference section */

/* Begin PBXFrameworksBuildPhase section */
		21F0D53428CA060700814C1C /* Frameworks */ = {
			isa = PBXFrameworksBuildPhase;
			buildActionMask = 2147483647;
			files = (
			);
			runOnlyForDeploymentPostprocessing = 0;
		};
		21F0D54128CA060700814C1C /* Frameworks */ = {
			isa = PBXFrameworksBuildPhase;
			buildActionMask = 2147483647;
			files = (
			);
			runOnlyForDeploymentPostprocessing = 0;
		};
		21F0D54D28CA060700814C1C /* Frameworks */ = {
			isa = PBXFrameworksBuildPhase;
			buildActionMask = 2147483647;
			files = (
			);
			runOnlyForDeploymentPostprocessing = 0;
		};
/* End PBXFrameworksBuildPhase section */

/* Begin PBXGroup section */
		2124070428CAF34A00A85A14 /* DocumentPicker */ = {
			isa = PBXGroup;
			children = (
				2124070528CAF36C00A85A14 /* DocumentPicker.swift */,
			);
			path = DocumentPicker;
			sourceTree = "<group>";
		};
		2124070B28CB0BA500A85A14 /* Model */ = {
			isa = PBXGroup;
			children = (
				219215C929AA697B00EB7937 /* Sequences.xcdatamodeld */,
				219215D629AD7A5600EB7937 /* CoreDataManager */,
				219215D229AA811100EB7937 /* Repository */,
				2124071428CBE69100A85A14 /* Multitrack */,
				2124070C28CB0BC600A85A14 /* Track */,
			);
			path = Model;
			sourceTree = "<group>";
		};
		2124070C28CB0BC600A85A14 /* Track */ = {
			isa = PBXGroup;
			children = (
				2124070E28CB0BF500A85A14 /* Track.swift */,
			);
			path = Track;
			sourceTree = "<group>";
		};
		2124071228CBE5B100A85A14 /* TrackControl */ = {
			isa = PBXGroup;
			children = (
				2124071028CBC99D00A85A14 /* PanSelector.swift */,
				21F0D57228CA105800814C1C /* TrackControl.swift */,
			);
			path = TrackControl;
			sourceTree = "<group>";
		};
		2124071328CBE5D500A85A14 /* TrackControl */ = {
			isa = PBXGroup;
			children = (
				2124070928CB030900A85A14 /* TrackControlViewModel.swift */,
			);
			path = TrackControl;
			sourceTree = "<group>";
		};
		2124071428CBE69100A85A14 /* Multitrack */ = {
			isa = PBXGroup;
			children = (
				2124071528CBE74000A85A14 /* Multitrack.swift */,
			);
			path = Multitrack;
			sourceTree = "<group>";
		};
		21469CA828CA216D00FA72DC /* Dashboard */ = {
			isa = PBXGroup;
			children = (
				21469CAA28CA22D100FA72DC /* DashboardViewModel.swift */,
			);
			path = Dashboard;
			sourceTree = "<group>";
		};
		219215D229AA811100EB7937 /* Repository */ = {
			isa = PBXGroup;
			children = (
				219215DA29AD7BEF00EB7937 /* MultitrackRepository.swift */,
				219215D329AA812900EB7937 /* Multitrack */,
			);
			path = Repository;
			sourceTree = "<group>";
		};
		219215D329AA812900EB7937 /* Multitrack */ = {
			isa = PBXGroup;
			children = (
				219215D429AA813D00EB7937 /* MultitrackLocalRepository.swift */,
			);
			path = Multitrack;
			sourceTree = "<group>";
		};
		219215D629AD7A5600EB7937 /* CoreDataManager */ = {
			isa = PBXGroup;
			children = (
				219215D729AD7A6600EB7937 /* Multitrack */,
			);
			path = CoreDataManager;
			sourceTree = "<group>";
		};
		219215D729AD7A6600EB7937 /* Multitrack */ = {
			isa = PBXGroup;
			children = (
				219215D829AD7AA800EB7937 /* CoreDataMultitrackManager.swift */,
			);
			path = Multitrack;
			sourceTree = "<group>";
		};
		21F0D52A28CA060200814C1C = {
			isa = PBXGroup;
			children = (
				2124070728CAF6CD00A85A14 /* Play-Secuence--iOS--Info.plist */,
				21F0D52F28CA060300814C1C /* iOS */,
				21F0D53E28CA060700814C1C /* macOS */,
				21F0D54728CA060700814C1C /* Tests iOS */,
				21F0D55328CA060700814C1C /* Tests macOS */,
				21F0D53828CA060700814C1C /* Products */,
			);
			sourceTree = "<group>";
		};
		21F0D52F28CA060300814C1C /* iOS */ = {
			isa = PBXGroup;
			children = (
				2124070B28CB0BA500A85A14 /* Model */,
				21F0D56C28CA07E100814C1C /* Ui */,
				21F0D53028CA060300814C1C /* Play_SecuenceApp.swift */,
				21F0D53228CA060700814C1C /* Assets.xcassets */,
			);
			path = iOS;
			sourceTree = "<group>";
		};
		21F0D53828CA060700814C1C /* Products */ = {
			isa = PBXGroup;
			children = (
				21F0D53728CA060700814C1C /* Play Secuence.app */,
				21F0D54428CA060700814C1C /* Tests iOS.xctest */,
				21F0D55028CA060700814C1C /* Tests macOS.xctest */,
			);
			name = Products;
			sourceTree = "<group>";
		};
		21F0D53E28CA060700814C1C /* macOS */ = {
			isa = PBXGroup;
			children = (
				21F0D53F28CA060700814C1C /* macOS.entitlements */,
			);
			path = macOS;
			sourceTree = "<group>";
		};
		21F0D54728CA060700814C1C /* Tests iOS */ = {
			isa = PBXGroup;
			children = (
				21F0D54828CA060700814C1C /* Tests_iOS.swift */,
				21F0D54A28CA060700814C1C /* Tests_iOSLaunchTests.swift */,
			);
			path = "Tests iOS";
			sourceTree = "<group>";
		};
		21F0D55328CA060700814C1C /* Tests macOS */ = {
			isa = PBXGroup;
			children = (
				21F0D55428CA060700814C1C /* Tests_macOS.swift */,
				21F0D55628CA060700814C1C /* Tests_macOSLaunchTests.swift */,
			);
			path = "Tests macOS";
			sourceTree = "<group>";
		};
		21F0D56C28CA07E100814C1C /* Ui */ = {
			isa = PBXGroup;
			children = (
				21F0D56D28CA081900814C1C /* Commons */,
				21F0D57828CA1EA600814C1C /* View */,
				21F0D57928CA1ECF00814C1C /* ViewModel */,
			);
			path = Ui;
			sourceTree = "<group>";
		};
		21F0D56D28CA081900814C1C /* Commons */ = {
			isa = PBXGroup;
			children = (
				21F0D56E28CA082900814C1C /* Headers */,
			);
			path = Commons;
			sourceTree = "<group>";
		};
		21F0D56E28CA082900814C1C /* Headers */ = {
			isa = PBXGroup;
			children = (
				21F0D56F28CA084E00814C1C /* Header.swift */,
			);
			path = Headers;
			sourceTree = "<group>";
		};
		21F0D57428CA1A7400814C1C /* Dashboard */ = {
			isa = PBXGroup;
			children = (
				4FB7E1B62E57D620009FE171 /* MultitrackPicker.swift */,
				21F0D53128CA060300814C1C /* DashboardScreen.swift */,
			);
			path = Dashboard;
			sourceTree = "<group>";
		};
		21F0D57528CA1A8200814C1C /* SequenceControls */ = {
			isa = PBXGroup;
			children = (
				21F0D57628CA1C0500814C1C /* SequenceControlsScreen.swift */,
			);
			path = SequenceControls;
			sourceTree = "<group>";
		};
		21F0D57828CA1EA600814C1C /* View */ = {
			isa = PBXGroup;
			children = (
				2124071228CBE5B100A85A14 /* TrackControl */,
				2124070428CAF34A00A85A14 /* DocumentPicker */,
				21F0D57528CA1A8200814C1C /* SequenceControls */,
				21F0D57428CA1A7400814C1C /* Dashboard */,
			);
			path = View;
			sourceTree = "<group>";
		};
		21F0D57928CA1ECF00814C1C /* ViewModel */ = {
			isa = PBXGroup;
			children = (
				2124071328CBE5D500A85A14 /* TrackControl */,
				21469CA828CA216D00FA72DC /* Dashboard */,
			);
			path = ViewModel;
			sourceTree = "<group>";
		};
/* End PBXGroup section */

/* Begin PBXNativeTarget section */
		21F0D53628CA060700814C1C /* Play Secuence (iOS) */ = {
			isa = PBXNativeTarget;
			buildConfigurationList = 21F0D56028CA060700814C1C /* Build configuration list for PBXNativeTarget "Play Secuence (iOS)" */;
			buildPhases = (
				21F0D53328CA060700814C1C /* Sources */,
				21F0D53428CA060700814C1C /* Frameworks */,
				21F0D53528CA060700814C1C /* Resources */,
			);
			buildRules = (
			);
			dependencies = (
			);
			name = "Play Secuence (iOS)";
			productName = "Play Secuence (iOS)";
			productReference = 21F0D53728CA060700814C1C /* Play Secuence.app */;
			productType = "com.apple.product-type.application";
		};
		21F0D54328CA060700814C1C /* Tests iOS */ = {
			isa = PBXNativeTarget;
			buildConfigurationList = 21F0D56628CA060700814C1C /* Build configuration list for PBXNativeTarget "Tests iOS" */;
			buildPhases = (
				21F0D54028CA060700814C1C /* Sources */,
				21F0D54128CA060700814C1C /* Frameworks */,
				21F0D54228CA060700814C1C /* Resources */,
			);
			buildRules = (
			);
			dependencies = (
				21F0D54628CA060700814C1C /* PBXTargetDependency */,
			);
			name = "Tests iOS";
			productName = "Tests iOS";
			productReference = 21F0D54428CA060700814C1C /* Tests iOS.xctest */;
			productType = "com.apple.product-type.bundle.ui-testing";
		};
		21F0D54F28CA060700814C1C /* Tests macOS */ = {
			isa = PBXNativeTarget;
			buildConfigurationList = 21F0D56928CA060700814C1C /* Build configuration list for PBXNativeTarget "Tests macOS" */;
			buildPhases = (
				21F0D54C28CA060700814C1C /* Sources */,
				21F0D54D28CA060700814C1C /* Frameworks */,
				21F0D54E28CA060700814C1C /* Resources */,
			);
			buildRules = (
			);
			dependencies = (
			);
			name = "Tests macOS";
			productName = "Tests macOS";
			productReference = 21F0D55028CA060700814C1C /* Tests macOS.xctest */;
			productType = "com.apple.product-type.bundle.ui-testing";
		};
/* End PBXNativeTarget section */

/* Begin PBXProject section */
		21F0D52B28CA060200814C1C /* Project object */ = {
			isa = PBXProject;
			attributes = {
				BuildIndependentTargetsInParallel = 1;
				LastSwiftUpdateCheck = 1340;
				LastUpgradeCheck = 1340;
				TargetAttributes = {
					21F0D53628CA060700814C1C = {
						CreatedOnToolsVersion = 13.4.1;
					};
					21F0D54328CA060700814C1C = {
						CreatedOnToolsVersion = 13.4.1;
						TestTargetID = 21F0D53628CA060700814C1C;
					};
					21F0D54F28CA060700814C1C = {
						CreatedOnToolsVersion = 13.4.1;
						TestTargetID = 21F0D53C28CA060700814C1C;
					};
				};
			};
			buildConfigurationList = 21F0D52E28CA060200814C1C /* Build configuration list for PBXProject "Play Secuence" */;
			compatibilityVersion = "Xcode 13.0";
			developmentRegion = en;
			hasScannedForEncodings = 0;
			knownRegions = (
				en,
				Base,
			);
			mainGroup = 21F0D52A28CA060200814C1C;
			productRefGroup = 21F0D53828CA060700814C1C /* Products */;
			projectDirPath = "";
			projectRoot = "";
			targets = (
				21F0D53628CA060700814C1C /* Play Secuence (iOS) */,
				21F0D54328CA060700814C1C /* Tests iOS */,
				21F0D54F28CA060700814C1C /* Tests macOS */,
			);
		};
/* End PBXProject section */

/* Begin PBXResourcesBuildPhase section */
		21F0D53528CA060700814C1C /* Resources */ = {
			isa = PBXResourcesBuildPhase;
			buildActionMask = 2147483647;
			files = (
				21F0D55C28CA060700814C1C /* Assets.xcassets in Resources */,
			);
			runOnlyForDeploymentPostprocessing = 0;
		};
		21F0D54228CA060700814C1C /* Resources */ = {
			isa = PBXResourcesBuildPhase;
			buildActionMask = 2147483647;
			files = (
			);
			runOnlyForDeploymentPostprocessing = 0;
		};
		21F0D54E28CA060700814C1C /* Resources */ = {
			isa = PBXResourcesBuildPhase;
			buildActionMask = 2147483647;
			files = (
			);
			runOnlyForDeploymentPostprocessing = 0;
		};
/* End PBXResourcesBuildPhase section */

/* Begin PBXSourcesBuildPhase section */
		21F0D53328CA060700814C1C /* Sources */ = {
			isa = PBXSourcesBuildPhase;
			buildActionMask = 2147483647;
			files = (
				21F0D57328CA105800814C1C /* TrackControl.swift in Sources */,
				21F0D55A28CA060700814C1C /* DashboardScreen.swift in Sources */,
				2124070A28CB030A00A85A14 /* TrackControlViewModel.swift in Sources */,
				2124071128CBC99D00A85A14 /* PanSelector.swift in Sources */,
				21469CAB28CA22D100FA72DC /* DashboardViewModel.swift in Sources */,
				21F0D57028CA084E00814C1C /* Header.swift in Sources */,
				219215D129AA76DB00EB7937 /* Sequences.xcdatamodeld in Sources */,
				2124070628CAF36C00A85A14 /* DocumentPicker.swift in Sources */,
				219215DB29AD7BEF00EB7937 /* MultitrackRepository.swift in Sources */,
				21F0D57728CA1C0500814C1C /* SequenceControlsScreen.swift in Sources */,
				219215CF29AA76B900EB7937 /* Multitrack.swift in Sources */,
				219215D929AD7AA800EB7937 /* CoreDataMultitrackManager.swift in Sources */,
				21F0D55828CA060700814C1C /* Play_SecuenceApp.swift in Sources */,
				219215D029AA76BC00EB7937 /* Track.swift in Sources */,
				219215D529AA813D00EB7937 /* MultitrackLocalRepository.swift in Sources */,
				4FB7E1B72E57D620009FE171 /* MultitrackPicker.swift in Sources */,
			);
			runOnlyForDeploymentPostprocessing = 0;
		};
		21F0D54028CA060700814C1C /* Sources */ = {
			isa = PBXSourcesBuildPhase;
			buildActionMask = 2147483647;
			files = (
				21F0D54B28CA060700814C1C /* Tests_iOSLaunchTests.swift in Sources */,
				21F0D54928CA060700814C1C /* Tests_iOS.swift in Sources */,
			);
			runOnlyForDeploymentPostprocessing = 0;
		};
		21F0D54C28CA060700814C1C /* Sources */ = {
			isa = PBXSourcesBuildPhase;
			buildActionMask = 2147483647;
			files = (
				21F0D55728CA060700814C1C /* Tests_macOSLaunchTests.swift in Sources */,
				21F0D55528CA060700814C1C /* Tests_macOS.swift in Sources */,
			);
			runOnlyForDeploymentPostprocessing = 0;
		};
/* End PBXSourcesBuildPhase section */

/* Begin PBXTargetDependency section */
		21F0D54628CA060700814C1C /* PBXTargetDependency */ = {
			isa = PBXTargetDependency;
			target = 21F0D53628CA060700814C1C /* Play Secuence (iOS) */;
			targetProxy = 21F0D54528CA060700814C1C /* PBXContainerItemProxy */;
		};
/* End PBXTargetDependency section */

/* Begin XCBuildConfiguration section */
		21F0D55E28CA060700814C1C /* Debug */ = {
			isa = XCBuildConfiguration;
			buildSettings = {
				ALWAYS_SEARCH_USER_PATHS = NO;
				CLANG_ANALYZER_NONNULL = YES;
				CLANG_ANALYZER_NUMBER_OBJECT_CONVERSION = YES_AGGRESSIVE;
				CLANG_CXX_LANGUAGE_STANDARD = "gnu++17";
				CLANG_ENABLE_MODULES = YES;
				CLANG_ENABLE_OBJC_ARC = YES;
				CLANG_ENABLE_OBJC_WEAK = YES;
				CLANG_WARN_BLOCK_CAPTURE_AUTORELEASING = YES;
				CLANG_WARN_BOOL_CONVERSION = YES;
				CLANG_WARN_COMMA = YES;
				CLANG_WARN_CONSTANT_CONVERSION = YES;
				CLANG_WARN_DEPRECATED_OBJC_IMPLEMENTATIONS = YES;
				CLANG_WARN_DIRECT_OBJC_ISA_USAGE = YES_ERROR;
				CLANG_WARN_DOCUMENTATION_COMMENTS = YES;
				CLANG_WARN_EMPTY_BODY = YES;
				CLANG_WARN_ENUM_CONVERSION = YES;
				CLANG_WARN_INFINITE_RECURSION = YES;
				CLANG_WARN_INT_CONVERSION = YES;
				CLANG_WARN_NON_LITERAL_NULL_CONVERSION = YES;
				CLANG_WARN_OBJC_IMPLICIT_RETAIN_SELF = YES;
				CLANG_WARN_OBJC_LITERAL_CONVERSION = YES;
				CLANG_WARN_OBJC_ROOT_CLASS = YES_ERROR;
				CLANG_WARN_QUOTED_INCLUDE_IN_FRAMEWORK_HEADER = YES;
				CLANG_WARN_RANGE_LOOP_ANALYSIS = YES;
				CLANG_WARN_STRICT_PROTOTYPES = YES;
				CLANG_WARN_SUSPICIOUS_MOVE = YES;
				CLANG_WARN_UNGUARDED_AVAILABILITY = YES_AGGRESSIVE;
				CLANG_WARN_UNREACHABLE_CODE = YES;
				CLANG_WARN__DUPLICATE_METHOD_MATCH = YES;
				COPY_PHASE_STRIP = NO;
				DEBUG_INFORMATION_FORMAT = dwarf;
				ENABLE_STRICT_OBJC_MSGSEND = YES;
				ENABLE_TESTABILITY = YES;
				GCC_C_LANGUAGE_STANDARD = gnu11;
				GCC_DYNAMIC_NO_PIC = NO;
				GCC_NO_COMMON_BLOCKS = YES;
				GCC_OPTIMIZATION_LEVEL = 0;
				GCC_PREPROCESSOR_DEFINITIONS = (
					"DEBUG=1",
					"$(inherited)",
				);
				GCC_WARN_64_TO_32_BIT_CONVERSION = YES;
				GCC_WARN_ABOUT_RETURN_TYPE = YES_ERROR;
				GCC_WARN_UNDECLARED_SELECTOR = YES;
				GCC_WARN_UNINITIALIZED_AUTOS = YES_AGGRESSIVE;
				GCC_WARN_UNUSED_FUNCTION = YES;
				GCC_WARN_UNUSED_VARIABLE = YES;
				IPHONEOS_DEPLOYMENT_TARGET = 14.0;
				MTL_ENABLE_DEBUG_INFO = INCLUDE_SOURCE;
				MTL_FAST_MATH = YES;
				ONLY_ACTIVE_ARCH = YES;
				SWIFT_ACTIVE_COMPILATION_CONDITIONS = DEBUG;
				SWIFT_OPTIMIZATION_LEVEL = "-Onone";
			};
			name = Debug;
		};
		21F0D55F28CA060700814C1C /* Release */ = {
			isa = XCBuildConfiguration;
			buildSettings = {
				ALWAYS_SEARCH_USER_PATHS = NO;
				CLANG_ANALYZER_NONNULL = YES;
				CLANG_ANALYZER_NUMBER_OBJECT_CONVERSION = YES_AGGRESSIVE;
				CLANG_CXX_LANGUAGE_STANDARD = "gnu++17";
				CLANG_ENABLE_MODULES = YES;
				CLANG_ENABLE_OBJC_ARC = YES;
				CLANG_ENABLE_OBJC_WEAK = YES;
				CLANG_WARN_BLOCK_CAPTURE_AUTORELEASING = YES;
				CLANG_WARN_BOOL_CONVERSION = YES;
				CLANG_WARN_COMMA = YES;
				CLANG_WARN_CONSTANT_CONVERSION = YES;
				CLANG_WARN_DEPRECATED_OBJC_IMPLEMENTATIONS = YES;
				CLANG_WARN_DIRECT_OBJC_ISA_USAGE = YES_ERROR;
				CLANG_WARN_DOCUMENTATION_COMMENTS = YES;
				CLANG_WARN_EMPTY_BODY = YES;
				CLANG_WARN_ENUM_CONVERSION = YES;
				CLANG_WARN_INFINITE_RECURSION = YES;
				CLANG_WARN_INT_CONVERSION = YES;
				CLANG_WARN_NON_LITERAL_NULL_CONVERSION = YES;
				CLANG_WARN_OBJC_IMPLICIT_RETAIN_SELF = YES;
				CLANG_WARN_OBJC_LITERAL_CONVERSION = YES;
				CLANG_WARN_OBJC_ROOT_CLASS = YES_ERROR;
				CLANG_WARN_QUOTED_INCLUDE_IN_FRAMEWORK_HEADER = YES;
				CLANG_WARN_RANGE_LOOP_ANALYSIS = YES;
				CLANG_WARN_STRICT_PROTOTYPES = YES;
				CLANG_WARN_SUSPICIOUS_MOVE = YES;
				CLANG_WARN_UNGUARDED_AVAILABILITY = YES_AGGRESSIVE;
				CLANG_WARN_UNREACHABLE_CODE = YES;
				CLANG_WARN__DUPLICATE_METHOD_MATCH = YES;
				COPY_PHASE_STRIP = NO;
				DEBUG_INFORMATION_FORMAT = "dwarf-with-dsym";
				ENABLE_NS_ASSERTIONS = NO;
				ENABLE_STRICT_OBJC_MSGSEND = YES;
				GCC_C_LANGUAGE_STANDARD = gnu11;
				GCC_NO_COMMON_BLOCKS = YES;
				GCC_WARN_64_TO_32_BIT_CONVERSION = YES;
				GCC_WARN_ABOUT_RETURN_TYPE = YES_ERROR;
				GCC_WARN_UNDECLARED_SELECTOR = YES;
				GCC_WARN_UNINITIALIZED_AUTOS = YES_AGGRESSIVE;
				GCC_WARN_UNUSED_FUNCTION = YES;
				GCC_WARN_UNUSED_VARIABLE = YES;
				IPHONEOS_DEPLOYMENT_TARGET = 14.0;
				MTL_ENABLE_DEBUG_INFO = NO;
				MTL_FAST_MATH = YES;
				SWIFT_COMPILATION_MODE = wholemodule;
				SWIFT_OPTIMIZATION_LEVEL = "-O";
			};
			name = Release;
		};
		21F0D56128CA060700814C1C /* Debug */ = {
			isa = XCBuildConfiguration;
			buildSettings = {
				ASSETCATALOG_COMPILER_APPICON_NAME = AppIcon;
				ASSETCATALOG_COMPILER_GLOBAL_ACCENT_COLOR_NAME = AccentColor;
				CODE_SIGN_STYLE = Automatic;
				CURRENT_PROJECT_VERSION = 1;
				DEVELOPMENT_TEAM = 948FLR64UL;
				ENABLE_PREVIEWS = YES;
				GENERATE_INFOPLIST_FILE = YES;
				INFOPLIST_FILE = "Play-Secuence--iOS--Info.plist";
				INFOPLIST_KEY_CFBundleDisplayName = "Multitrack Player";
				INFOPLIST_KEY_LSApplicationCategoryType = "public.app-category.music";
				INFOPLIST_KEY_UIApplicationSupportsIndirectInputEvents = YES;
				INFOPLIST_KEY_UILaunchScreen_Generation = YES;
				INFOPLIST_KEY_UIRequiresFullScreen = NO;
				INFOPLIST_KEY_UISupportedInterfaceOrientations = UIInterfaceOrientationLandscapeLeft;
				INFOPLIST_KEY_UISupportedInterfaceOrientations_iPad = "UIInterfaceOrientationPortrait UIInterfaceOrientationPortraitUpsideDown UIInterfaceOrientationLandscapeLeft UIInterfaceOrientationLandscapeRight";
				INFOPLIST_KEY_UISupportedInterfaceOrientations_iPhone = "UIInterfaceOrientationPortrait UIInterfaceOrientationLandscapeLeft UIInterfaceOrientationLandscapeRight";
				IPHONEOS_DEPLOYMENT_TARGET = 15.5;
				LD_RUNPATH_SEARCH_PATHS = (
					"$(inherited)",
					"@executable_path/Frameworks",
				);
				MARKETING_VERSION = 1.0;
				PRODUCT_BUNDLE_IDENTIFIER = "com.estebantrivino.Play-Secuence";
				PRODUCT_NAME = "Play Secuence";
				SDKROOT = iphoneos;
				SWIFT_EMIT_LOC_STRINGS = YES;
				SWIFT_VERSION = 5.0;
				TARGETED_DEVICE_FAMILY = "1,2";
			};
			name = Debug;
		};
		21F0D56228CA060700814C1C /* Release */ = {
			isa = XCBuildConfiguration;
			buildSettings = {
				ASSETCATALOG_COMPILER_APPICON_NAME = AppIcon;
				ASSETCATALOG_COMPILER_GLOBAL_ACCENT_COLOR_NAME = AccentColor;
				CODE_SIGN_STYLE = Automatic;
				CURRENT_PROJECT_VERSION = 1;
				DEVELOPMENT_TEAM = 948FLR64UL;
				ENABLE_PREVIEWS = YES;
				GENERATE_INFOPLIST_FILE = YES;
				INFOPLIST_FILE = "Play-Secuence--iOS--Info.plist";
				INFOPLIST_KEY_CFBundleDisplayName = "Multitrack Player";
				INFOPLIST_KEY_LSApplicationCategoryType = "public.app-category.music";
				INFOPLIST_KEY_UIApplicationSupportsIndirectInputEvents = YES;
				INFOPLIST_KEY_UILaunchScreen_Generation = YES;
				INFOPLIST_KEY_UIRequiresFullScreen = NO;
				INFOPLIST_KEY_UISupportedInterfaceOrientations = UIInterfaceOrientationLandscapeLeft;
				INFOPLIST_KEY_UISupportedInterfaceOrientations_iPad = "UIInterfaceOrientationPortrait UIInterfaceOrientationPortraitUpsideDown UIInterfaceOrientationLandscapeLeft UIInterfaceOrientationLandscapeRight";
				INFOPLIST_KEY_UISupportedInterfaceOrientations_iPhone = "UIInterfaceOrientationPortrait UIInterfaceOrientationLandscapeLeft UIInterfaceOrientationLandscapeRight";
				IPHONEOS_DEPLOYMENT_TARGET = 15.5;
				LD_RUNPATH_SEARCH_PATHS = (
					"$(inherited)",
					"@executable_path/Frameworks",
				);
				MARKETING_VERSION = 1.0;
				PRODUCT_BUNDLE_IDENTIFIER = "com.estebantrivino.Play-Secuence";
				PRODUCT_NAME = "Play Secuence";
				SDKROOT = iphoneos;
				SWIFT_EMIT_LOC_STRINGS = YES;
				SWIFT_VERSION = 5.0;
				TARGETED_DEVICE_FAMILY = "1,2";
				VALIDATE_PRODUCT = YES;
			};
			name = Release;
		};
		21F0D56728CA060700814C1C /* Debug */ = {
			isa = XCBuildConfiguration;
			buildSettings = {
				ALWAYS_EMBED_SWIFT_STANDARD_LIBRARIES = YES;
				CODE_SIGN_STYLE = Automatic;
				CURRENT_PROJECT_VERSION = 1;
				DEVELOPMENT_TEAM = 948FLR64UL;
				GENERATE_INFOPLIST_FILE = YES;
				IPHONEOS_DEPLOYMENT_TARGET = 15.5;
				MARKETING_VERSION = 1.0;
				PRODUCT_BUNDLE_IDENTIFIER = "com.estebantrivino.Tests-iOS";
				PRODUCT_NAME = "$(TARGET_NAME)";
				SDKROOT = iphoneos;
				SWIFT_EMIT_LOC_STRINGS = NO;
				SWIFT_VERSION = 5.0;
				TARGETED_DEVICE_FAMILY = "1,2";
				TEST_TARGET_NAME = "Play Secuence (iOS)";
			};
			name = Debug;
		};
		21F0D56828CA060700814C1C /* Release */ = {
			isa = XCBuildConfiguration;
			buildSettings = {
				ALWAYS_EMBED_SWIFT_STANDARD_LIBRARIES = YES;
				CODE_SIGN_STYLE = Automatic;
				CURRENT_PROJECT_VERSION = 1;
				DEVELOPMENT_TEAM = 948FLR64UL;
				GENERATE_INFOPLIST_FILE = YES;
				IPHONEOS_DEPLOYMENT_TARGET = 15.5;
				MARKETING_VERSION = 1.0;
				PRODUCT_BUNDLE_IDENTIFIER = "com.estebantrivino.Tests-iOS";
				PRODUCT_NAME = "$(TARGET_NAME)";
				SDKROOT = iphoneos;
				SWIFT_EMIT_LOC_STRINGS = NO;
				SWIFT_VERSION = 5.0;
				TARGETED_DEVICE_FAMILY = "1,2";
				TEST_TARGET_NAME = "Play Secuence (iOS)";
				VALIDATE_PRODUCT = YES;
			};
			name = Release;
		};
		21F0D56A28CA060700814C1C /* Debug */ = {
			isa = XCBuildConfiguration;
			buildSettings = {
				ALWAYS_EMBED_SWIFT_STANDARD_LIBRARIES = YES;
				CODE_SIGN_STYLE = Automatic;
				CURRENT_PROJECT_VERSION = 1;
				DEVELOPMENT_TEAM = 948FLR64UL;
				GENERATE_INFOPLIST_FILE = YES;
				MACOSX_DEPLOYMENT_TARGET = 12.3;
				MARKETING_VERSION = 1.0;
				PRODUCT_BUNDLE_IDENTIFIER = "com.estebantrivino.Tests-macOS";
				PRODUCT_NAME = "$(TARGET_NAME)";
				SDKROOT = macosx;
				SWIFT_EMIT_LOC_STRINGS = NO;
				SWIFT_VERSION = 5.0;
				TEST_TARGET_NAME = "Play Secuence (macOS)";
			};
			name = Debug;
		};
		21F0D56B28CA060700814C1C /* Release */ = {
			isa = XCBuildConfiguration;
			buildSettings = {
				ALWAYS_EMBED_SWIFT_STANDARD_LIBRARIES = YES;
				CODE_SIGN_STYLE = Automatic;
				CURRENT_PROJECT_VERSION = 1;
				DEVELOPMENT_TEAM = 948FLR64UL;
				GENERATE_INFOPLIST_FILE = YES;
				MACOSX_DEPLOYMENT_TARGET = 12.3;
				MARKETING_VERSION = 1.0;
				PRODUCT_BUNDLE_IDENTIFIER = "com.estebantrivino.Tests-macOS";
				PRODUCT_NAME = "$(TARGET_NAME)";
				SDKROOT = macosx;
				SWIFT_EMIT_LOC_STRINGS = NO;
				SWIFT_VERSION = 5.0;
				TEST_TARGET_NAME = "Play Secuence (macOS)";
			};
			name = Release;
		};
/* End XCBuildConfiguration section */

/* Begin XCConfigurationList section */
		21F0D52E28CA060200814C1C /* Build configuration list for PBXProject "Play Secuence" */ = {
			isa = XCConfigurationList;
			buildConfigurations = (
				21F0D55E28CA060700814C1C /* Debug */,
				21F0D55F28CA060700814C1C /* Release */,
			);
			defaultConfigurationIsVisible = 0;
			defaultConfigurationName = Release;
		};
		21F0D56028CA060700814C1C /* Build configuration list for PBXNativeTarget "Play Secuence (iOS)" */ = {
			isa = XCConfigurationList;
			buildConfigurations = (
				21F0D56128CA060700814C1C /* Debug */,
				21F0D56228CA060700814C1C /* Release */,
			);
			defaultConfigurationIsVisible = 0;
			defaultConfigurationName = Release;
		};
		21F0D56628CA060700814C1C /* Build configuration list for PBXNativeTarget "Tests iOS" */ = {
			isa = XCConfigurationList;
			buildConfigurations = (
				21F0D56728CA060700814C1C /* Debug */,
				21F0D56828CA060700814C1C /* Release */,
			);
			defaultConfigurationIsVisible = 0;
			defaultConfigurationName = Release;
		};
		21F0D56928CA060700814C1C /* Build configuration list for PBXNativeTarget "Tests macOS" */ = {
			isa = XCConfigurationList;
			buildConfigurations = (
				21F0D56A28CA060700814C1C /* Debug */,
				21F0D56B28CA060700814C1C /* Release */,
			);
			defaultConfigurationIsVisible = 0;
			defaultConfigurationName = Release;
		};
/* End XCConfigurationList section */

/* Begin XCVersionGroup section */
		219215C929AA697B00EB7937 /* Sequences.xcdatamodeld */ = {
			isa = XCVersionGroup;
			children = (
				219215CA29AA697B00EB7937 /* Sequences.xcdatamodel */,
			);
			currentVersion = 219215CA29AA697B00EB7937 /* Sequences.xcdatamodel */;
			path = Sequences.xcdatamodeld;
			sourceTree = "<group>";
			versionGroupType = wrapper.xcdatamodel;
		};
/* End XCVersionGroup section */
	};
	rootObject = 21F0D52B28CA060200814C1C /* Project object */;
}
